
Microsoft Visual Studio Solution File, Format Version 12.00
# Visual Studio Version 17
VisualStudioVersion = 17.1.32210.238
MinimumVisualStudioVersion = 10.0.40219.1
Project("{FAE04EC0-301F-11D3-BF4B-00C04F79EFBC}") = "PogoApp_MVC", "PogoApp_MVC.csproj", "{9997001A-077C-4FDD-BCE4-464C1AC4D25F}"
EndProject
Global
	GlobalSection(SolutionConfigurationPlatforms) = preSolution
		Debug|Any CPU = Debug|Any CPU
		Release|Any CPU = Release|Any CPU
	EndGlobalSection
	GlobalSection(ProjectConfigurationPlatforms) = postSolution
		{9997001A-077C-4FDD-BCE4-464C1AC4D25F}.Debug|Any CPU.ActiveCfg = Debug|Any CPU
		{9997001A-077C-4FDD-BCE4-464C1AC4D25F}.Debug|Any CPU.Build.0 = Debug|Any CPU
		{9997001A-077C-4FDD-BCE4-464C1AC4D25F}.Release|Any CPU.ActiveCfg = Release|Any CPU
		{9997001A-077C-4FDD-BCE4-464C1AC4D25F}.Release|Any CPU.Build.0 = Release|Any CPU
	EndGlobalSection
	GlobalSection(SolutionProperties) = preSolution
		HideSolutionNode = FALSE
	EndGlobalSection
	GlobalSection(ExtensibilityGlobals) = postSolution
		SolutionGuid = {34CA5719-AFC7-4FFF-83E9-7900BBAB43C9}
	EndGlobalSection
EndGlobal
